
Microsoft Visual Studio Solution File, Format Version 12.00
# Visual Studio Version 16
VisualStudioVersion = 16.0.30225.117
MinimumVisualStudioVersion = 10.0.40219.1
Project("{FAE04EC0-301F-11D3-BF4B-00C04F79EFBC}") = "ExceptionHandling", "ExceptionHandling\ExceptionHandling.csproj", "{B87D167D-EBDD-49B7-B665-40FC72F60291}"
EndProject
Project("{FAE04EC0-301F-11D3-BF4B-00C04F79EFBC}") = "ExceptionHandling_Tests", "ExceptionHandling_Tests\ExceptionHandling_Tests.csproj", "{50141C00-35A1-44A2-9939-9B62C30FE855}"
EndProject
Global
	GlobalSection(SolutionConfigurationPlatforms) = preSolution
		Debug|Any CPU = Debug|Any CPU
		Release|Any CPU = Release|Any CPU
	EndGlobalSection
	GlobalSection(ProjectConfigurationPlatforms) = postSolution
		{B87D167D-EBDD-49B7-B665-40FC72F60291}.Debug|Any CPU.ActiveCfg = Debug|Any CPU
		{B87D167D-EBDD-49B7-B665-40FC72F60291}.Debug|Any CPU.Build.0 = Debug|Any CPU
		{B87D167D-EBDD-49B7-B665-40FC72F60291}.Release|Any CPU.ActiveCfg = Release|Any CPU
		{B87D167D-EBDD-49B7-B665-40FC72F60291}.Release|Any CPU.Build.0 = Release|Any CPU
		{50141C00-35A1-44A2-9939-9B62C30FE855}.Debug|Any CPU.ActiveCfg = Debug|Any CPU
		{50141C00-35A1-44A2-9939-9B62C30FE855}.Debug|Any CPU.Build.0 = Debug|Any CPU
		{50141C00-35A1-44A2-9939-9B62C30FE855}.Release|Any CPU.ActiveCfg = Release|Any CPU
		{50141C00-35A1-44A2-9939-9B62C30FE855}.Release|Any CPU.Build.0 = Release|Any CPU
	EndGlobalSection
	GlobalSection(SolutionProperties) = preSolution
		HideSolutionNode = FALSE
	EndGlobalSection
	GlobalSection(ExtensibilityGlobals) = postSolution
		SolutionGuid = {8294F9A1-C3C5-4EB6-9EBA-BD4F1ACD507F}
	EndGlobalSection
EndGlobal
